// !$*UTF8*$!
{
	archiveVersion = 1;
	classes = {
	};
	objectVersion = 56;
	objects = {

/* Begin PBXBuildFile section */
		05AA3B682C3C96CD00262330 /* AppDelegate.swift in Sources */ = {isa = PBXBuildFile; fileRef = 05AA3B672C3C96CD00262330 /* AppDelegate.swift */; };
		05AA3B6A2C3C96CD00262330 /* SceneDelegate.swift in Sources */ = {isa = PBXBuildFile; fileRef = 05AA3B692C3C96CD00262330 /* SceneDelegate.swift */; };
		05AA3B6C2C3C96CD00262330 /* ViewController.swift in Sources */ = {isa = PBXBuildFile; fileRef = 05AA3B6B2C3C96CD00262330 /* ViewController.swift */; };
		05AA3B6F2C3C96CD00262330 /* Base in Resources */ = {isa = PBXBuildFile; fileRef = 05AA3B6E2C3C96CD00262330 /* Base */; };
		05AA3B712C3C96CE00262330 /* Assets.xcassets in Resources */ = {isa = PBXBuildFile; fileRef = 05AA3B702C3C96CE00262330 /* Assets.xcassets */; };
		05AA3B742C3C96CE00262330 /* Base in Resources */ = {isa = PBXBuildFile; fileRef = 05AA3B732C3C96CE00262330 /* Base */; };
		05AA3B7F2C3C96CE00262330 /* mapTests.swift in Sources */ = {isa = PBXBuildFile; fileRef = 05AA3B7E2C3C96CE00262330 /* mapTests.swift */; };
		05AA3B892C3C96CE00262330 /* mapUITests.swift in Sources */ = {isa = PBXBuildFile; fileRef = 05AA3B882C3C96CE00262330 /* mapUITests.swift */; };
		05AA3B8B2C3C96CE00262330 /* mapUITestsLaunchTests.swift in Sources */ = {isa = PBXBuildFile; fileRef = 05AA3B8A2C3C96CE00262330 /* mapUITestsLaunchTests.swift */; };
/* End PBXBuildFile section */

/* Begin PBXContainerItemProxy section */
		05AA3B7B2C3C96CE00262330 /* PBXContainerItemProxy */ = {
			isa = PBXContainerItemProxy;
			containerPortal = 05AA3B5C2C3C96CD00262330 /* Project object */;
			proxyType = 1;
			remoteGlobalIDString = 05AA3B632C3C96CD00262330;
			remoteInfo = map;
		};
		05AA3B852C3C96CE00262330 /* PBXContainerItemProxy */ = {
			isa = PBXContainerItemProxy;
			containerPortal = 05AA3B5C2C3C96CD00262330 /* Project object */;
			proxyType = 1;
			remoteGlobalIDString = 05AA3B632C3C96CD00262330;
			remoteInfo = map;
		};
/* End PBXContainerItemProxy section */

/* Begin PBXFileReference section */
		05AA3B642C3C96CD00262330 /* map.app */ = {isa = PBXFileReference; explicitFileType = wrapper.application; includeInIndex = 0; path = map.app; sourceTree = BUILT_PRODUCTS_DIR; };
		05AA3B672C3C96CD00262330 /* AppDelegate.swift */ = {isa = PBXFileReference; lastKnownFileType = sourcecode.swift; path = AppDelegate.swift; sourceTree = "<group>"; };
		05AA3B692C3C96CD00262330 /* SceneDelegate.swift */ = {isa = PBXFileReference; lastKnownFileType = sourcecode.swift; path = SceneDelegate.swift; sourceTree = "<group>"; };
		05AA3B6B2C3C96CD00262330 /* ViewController.swift */ = {isa = PBXFileReference; lastKnownFileType = sourcecode.swift; path = ViewController.swift; sourceTree = "<group>"; };
		05AA3B6E2C3C96CD00262330 /* Base */ = {isa = PBXFileReference; lastKnownFileType = file.storyboard; name = Base; path = Base.lproj/Main.storyboard; sourceTree = "<group>"; };
		05AA3B702C3C96CE00262330 /* Assets.xcassets */ = {isa = PBXFileReference; lastKnownFileType = folder.assetcatalog; path = Assets.xcassets; sourceTree = "<group>"; };
		05AA3B732C3C96CE00262330 /* Base */ = {isa = PBXFileReference; lastKnownFileType = file.storyboard; name = Base; path = Base.lproj/LaunchScreen.storyboard; sourceTree = "<group>"; };
		05AA3B752C3C96CE00262330 /* Info.plist */ = {isa = PBXFileReference; lastKnownFileType = text.plist.xml; path = Info.plist; sourceTree = "<group>"; };
		05AA3B7A2C3C96CE00262330 /* mapTests.xctest */ = {isa = PBXFileReference; explicitFileType = wrapper.cfbundle; includeInIndex = 0; path = mapTests.xctest; sourceTree = BUILT_PRODUCTS_DIR; };
		05AA3B7E2C3C96CE00262330 /* mapTests.swift */ = {isa = PBXFileReference; lastKnownFileType = sourcecode.swift; path = mapTests.swift; sourceTree = "<group>"; };
		05AA3B842C3C96CE00262330 /* mapUITests.xctest */ = {isa = PBXFileReference; explicitFileType = wrapper.cfbundle; includeInIndex = 0; path = mapUITests.xctest; sourceTree = BUILT_PRODUCTS_DIR; };
		05AA3B882C3C96CE00262330 /* mapUITests.swift */ = {isa = PBXFileReference; lastKnownFileType = sourcecode.swift; path = mapUITests.swift; sourceTree = "<group>"; };
		05AA3B8A2C3C96CE00262330 /* mapUITestsLaunchTests.swift */ = {isa = PBXFileReference; lastKnownFileType = sourcecode.swift; path = mapUITestsLaunchTests.swift; sourceTree = "<group>"; };
/* End PBXFileReference section */

/* Begin PBXFrameworksBuildPhase section */
		05AA3B612C3C96CD00262330 /* Frameworks */ = {
			isa = PBXFrameworksBuildPhase;
			buildActionMask = 2147483647;
			files = (
			);
			runOnlyForDeploymentPostprocessing = 0;
		};
		05AA3B772C3C96CE00262330 /* Frameworks */ = {
			isa = PBXFrameworksBuildPhase;
			buildActionMask = 2147483647;
			files = (
			);
			runOnlyForDeploymentPostprocessing = 0;
		};
		05AA3B812C3C96CE00262330 /* Frameworks */ = {
			isa = PBXFrameworksBuildPhase;
			buildActionMask = 2147483647;
			files = (
			);
			runOnlyForDeploymentPostprocessing = 0;
		};
/* End PBXFrameworksBuildPhase section */

/* Begin PBXGroup section */
		05AA3B5B2C3C96CD00262330 = {
			isa = PBXGroup;
			children = (
				05AA3B662C3C96CD00262330 /* map */,
				05AA3B7D2C3C96CE00262330 /* mapTests */,
				05AA3B872C3C96CE00262330 /* mapUITests */,
				05AA3B652C3C96CD00262330 /* Products */,
			);
			sourceTree = "<group>";
		};
		05AA3B652C3C96CD00262330 /* Products */ = {
			isa = PBXGroup;
			children = (
				05AA3B642C3C96CD00262330 /* map.app */,
				05AA3B7A2C3C96CE00262330 /* mapTests.xctest */,
				05AA3B842C3C96CE00262330 /* mapUITests.xctest */,
			);
			name = Products;
			sourceTree = "<group>";
		};
		05AA3B662C3C96CD00262330 /* map */ = {
			isa = PBXGroup;
			children = (
				05AA3B672C3C96CD00262330 /* AppDelegate.swift */,
				05AA3B692C3C96CD00262330 /* SceneDelegate.swift */,
				05AA3B6B2C3C96CD00262330 /* ViewController.swift */,
				05AA3B6D2C3C96CD00262330 /* Main.storyboard */,
				05AA3B702C3C96CE00262330 /* Assets.xcassets */,
				05AA3B722C3C96CE00262330 /* LaunchScreen.storyboard */,
				05AA3B752C3C96CE00262330 /* Info.plist */,
			);
			path = map;
			sourceTree = "<group>";
		};
		05AA3B7D2C3C96CE00262330 /* mapTests */ = {
			isa = PBXGroup;
			children = (
				05AA3B7E2C3C96CE00262330 /* mapTests.swift */,
			);
			path = mapTests;
			sourceTree = "<group>";
		};
		05AA3B872C3C96CE00262330 /* mapUITests */ = {
			isa = PBXGroup;
			children = (
				05AA3B882C3C96CE00262330 /* mapUITests.swift */,
				05AA3B8A2C3C96CE00262330 /* mapUITestsLaunchTests.swift */,
			);
			path = mapUITests;
			sourceTree = "<group>";
		};
/* End PBXGroup section */

/* Begin PBXNativeTarget section */
		05AA3B632C3C96CD00262330 /* map */ = {
			isa = PBXNativeTarget;
			buildConfigurationList = 05AA3B8E2C3C96CE00262330 /* Build configuration list for PBXNativeTarget "map" */;
			buildPhases = (
				05AA3B602C3C96CD00262330 /* Sources */,
				05AA3B612C3C96CD00262330 /* Frameworks */,
				05AA3B622C3C96CD00262330 /* Resources */,
			);
			buildRules = (
			);
			dependencies = (
			);
			name = map;
			productName = map;
			productReference = 05AA3B642C3C96CD00262330 /* map.app */;
			productType = "com.apple.product-type.application";
		};
		05AA3B792C3C96CE00262330 /* mapTests */ = {
			isa = PBXNativeTarget;
			buildConfigurationList = 05AA3B912C3C96CE00262330 /* Build configuration list for PBXNativeTarget "mapTests" */;
			buildPhases = (
				05AA3B762C3C96CE00262330 /* Sources */,
				05AA3B772C3C96CE00262330 /* Frameworks */,
				05AA3B782C3C96CE00262330 /* Resources */,
			);
			buildRules = (
			);
			dependencies = (
				05AA3B7C2C3C96CE00262330 /* PBXTargetDependency */,
			);
			name = mapTests;
			productName = mapTests;
			productReference = 05AA3B7A2C3C96CE00262330 /* mapTests.xctest */;
			productType = "com.apple.product-type.bundle.unit-test";
		};
		05AA3B832C3C96CE00262330 /* mapUITests */ = {
			isa = PBXNativeTarget;
			buildConfigurationList = 05AA3B942C3C96CE00262330 /* Build configuration list for PBXNativeTarget "mapUITests" */;
			buildPhases = (
				05AA3B802C3C96CE00262330 /* Sources */,
				05AA3B812C3C96CE00262330 /* Frameworks */,
				05AA3B822C3C96CE00262330 /* Resources */,
			);
			buildRules = (
			);
			dependencies = (
				05AA3B862C3C96CE00262330 /* PBXTargetDependency */,
			);
			name = mapUITests;
			productName = mapUITests;
			productReference = 05AA3B842C3C96CE00262330 /* mapUITests.xctest */;
			productType = "com.apple.product-type.bundle.ui-testing";
		};
/* End PBXNativeTarget section */

/* Begin PBXProject section */
		05AA3B5C2C3C96CD00262330 /* Project object */ = {
			isa = PBXProject;
			attributes = {
				BuildIndependentTargetsInParallel = 1;
				LastSwiftUpdateCheck = 1530;
				LastUpgradeCheck = 1530;
				TargetAttributes = {
					05AA3B632C3C96CD00262330 = {
						CreatedOnToolsVersion = 15.3;
					};
					05AA3B792C3C96CE00262330 = {
						CreatedOnToolsVersion = 15.3;
						TestTargetID = 05AA3B632C3C96CD00262330;
					};
					05AA3B832C3C96CE00262330 = {
						CreatedOnToolsVersion = 15.3;
						TestTargetID = 05AA3B632C3C96CD00262330;
					};
				};
			};
			buildConfigurationList = 05AA3B5F2C3C96CD00262330 /* Build configuration list for PBXProject "map" */;
			compatibilityVersion = "Xcode 14.0";
			developmentRegion = en;
			hasScannedForEncodings = 0;
			knownRegions = (
				en,
				Base,
			);
			mainGroup = 05AA3B5B2C3C96CD00262330;
			productRefGroup = 05AA3B652C3C96CD00262330 /* Products */;
			projectDirPath = "";
			projectRoot = "";
			targets = (
				05AA3B632C3C96CD00262330 /* map */,
				05AA3B792C3C96CE00262330 /* mapTests */,
				05AA3B832C3C96CE00262330 /* mapUITests */,
			);
		};
/* End PBXProject section */

/* Begin PBXResourcesBuildPhase section */
		05AA3B622C3C96CD00262330 /* Resources */ = {
			isa = PBXResourcesBuildPhase;
			buildActionMask = 2147483647;
			files = (
				05AA3B712C3C96CE00262330 /* Assets.xcassets in Resources */,
				05AA3B742C3C96CE00262330 /* Base in Resources */,
				05AA3B6F2C3C96CD00262330 /* Base in Resources */,
			);
			runOnlyForDeploymentPostprocessing = 0;
		};
		05AA3B782C3C96CE00262330 /* Resources */ = {
			isa = PBXResourcesBuildPhase;
			buildActionMask = 2147483647;
			files = (
			);
			runOnlyForDeploymentPostprocessing = 0;
		};
		05AA3B822C3C96CE00262330 /* Resources */ = {
			isa = PBXResourcesBuildPhase;
			buildActionMask = 2147483647;
			files = (
			);
			runOnlyForDeploymentPostprocessing = 0;
		};
/* End PBXResourcesBuildPhase section */

/* Begin PBXSourcesBuildPhase section */
		05AA3B602C3C96CD00262330 /* Sources */ = {
			isa = PBXSourcesBuildPhase;
			buildActionMask = 2147483647;
			files = (
				05AA3B6C2C3C96CD00262330 /* ViewController.swift in Sources */,
				05AA3B682C3C96CD00262330 /* AppDelegate.swift in Sources */,
				05AA3B6A2C3C96CD00262330 /* SceneDelegate.swift in Sources */,
			);
			runOnlyForDeploymentPostprocessing = 0;
		};
		05AA3B762C3C96CE00262330 /* Sources */ = {
			isa = PBXSourcesBuildPhase;
			buildActionMask = 2147483647;
			files = (
				05AA3B7F2C3C96CE00262330 /* mapTests.swift in Sources */,
			);
			runOnlyForDeploymentPostprocessing = 0;
		};
		05AA3B802C3C96CE00262330 /* Sources */ = {
			isa = PBXSourcesBuildPhase;
			buildActionMask = 2147483647;
			files = (
				05AA3B892C3C96CE00262330 /* mapUITests.swift in Sources */,
				05AA3B8B2C3C96CE00262330 /* mapUITestsLaunchTests.swift in Sources */,
			);
			runOnlyForDeploymentPostprocessing = 0;
		};
/* End PBXSourcesBuildPhase section */

/* Begin PBXTargetDependency section */
		05AA3B7C2C3C96CE00262330 /* PBXTargetDependency */ = {
			isa = PBXTargetDependency;
			target = 05AA3B632C3C96CD00262330 /* map */;
			targetProxy = 05AA3B7B2C3C96CE00262330 /* PBXContainerItemProxy */;
		};
		05AA3B862C3C96CE00262330 /* PBXTargetDependency */ = {
			isa = PBXTargetDependency;
			target = 05AA3B632C3C96CD00262330 /* map */;
			targetProxy = 05AA3B852C3C96CE00262330 /* PBXContainerItemProxy */;
		};
/* End PBXTargetDependency section */

/* Begin PBXVariantGroup section */
		05AA3B6D2C3C96CD00262330 /* Main.storyboard */ = {
			isa = PBXVariantGroup;
			children = (
				05AA3B6E2C3C96CD00262330 /* Base */,
			);
			name = Main.storyboard;
			sourceTree = "<group>";
		};
		05AA3B722C3C96CE00262330 /* LaunchScreen.storyboard */ = {
			isa = PBXVariantGroup;
			children = (
				05AA3B732C3C96CE00262330 /* Base */,
			);
			name = LaunchScreen.storyboard;
			sourceTree = "<group>";
		};
/* End PBXVariantGroup section */

/* Begin XCBuildConfiguration section */
		05AA3B8C2C3C96CE00262330 /* Debug */ = {
			isa = XCBuildConfiguration;
			buildSettings = {
				ALWAYS_SEARCH_USER_PATHS = NO;
				ASSETCATALOG_COMPILER_GENERATE_SWIFT_ASSET_SYMBOL_EXTENSIONS = YES;
				CLANG_ANALYZER_NONNULL = YES;
				CLANG_ANALYZER_NUMBER_OBJECT_CONVERSION = YES_AGGRESSIVE;
				CLANG_CXX_LANGUAGE_STANDARD = "gnu++20";
				CLANG_ENABLE_MODULES = YES;
				CLANG_ENABLE_OBJC_ARC = YES;
				CLANG_ENABLE_OBJC_WEAK = YES;
				CLANG_WARN_BLOCK_CAPTURE_AUTORELEASING = YES;
				CLANG_WARN_BOOL_CONVERSION = YES;
				CLANG_WARN_COMMA = YES;
				CLANG_WARN_CONSTANT_CONVERSION = YES;
				CLANG_WARN_DEPRECATED_OBJC_IMPLEMENTATIONS = YES;
				CLANG_WARN_DIRECT_OBJC_ISA_USAGE = YES_ERROR;
				CLANG_WARN_DOCUMENTATION_COMMENTS = YES;
				CLANG_WARN_EMPTY_BODY = YES;
				CLANG_WARN_ENUM_CONVERSION = YES;
				CLANG_WARN_INFINITE_RECURSION = YES;
				CLANG_WARN_INT_CONVERSION = YES;
				CLANG_WARN_NON_LITERAL_NULL_CONVERSION = YES;
				CLANG_WARN_OBJC_IMPLICIT_RETAIN_SELF = YES;
				CLANG_WARN_OBJC_LITERAL_CONVERSION = YES;
				CLANG_WARN_OBJC_ROOT_CLASS = YES_ERROR;
				CLANG_WARN_QUOTED_INCLUDE_IN_FRAMEWORK_HEADER = YES;
				CLANG_WARN_RANGE_LOOP_ANALYSIS = YES;
				CLANG_WARN_STRICT_PROTOTYPES = YES;
				CLANG_WARN_SUSPICIOUS_MOVE = YES;
				CLANG_WARN_UNGUARDED_AVAILABILITY = YES_AGGRESSIVE;
				CLANG_WARN_UNREACHABLE_CODE = YES;
				CLANG_WARN__DUPLICATE_METHOD_MATCH = YES;
				COPY_PHASE_STRIP = NO;
				DEBUG_INFORMATION_FORMAT = dwarf;
				ENABLE_STRICT_OBJC_MSGSEND = YES;
				ENABLE_TESTABILITY = YES;
				ENABLE_USER_SCRIPT_SANDBOXING = YES;
				GCC_C_LANGUAGE_STANDARD = gnu17;
				GCC_DYNAMIC_NO_PIC = NO;
				GCC_NO_COMMON_BLOCKS = YES;
				GCC_OPTIMIZATION_LEVEL = 0;
				GCC_PREPROCESSOR_DEFINITIONS = (
					"DEBUG=1",
					"$(inherited)",
				);
				GCC_WARN_64_TO_32_BIT_CONVERSION = YES;
				GCC_WARN_ABOUT_RETURN_TYPE = YES_ERROR;
				GCC_WARN_UNDECLARED_SELECTOR = YES;
				GCC_WARN_UNINITIALIZED_AUTOS = YES_AGGRESSIVE;
				GCC_WARN_UNUSED_FUNCTION = YES;
				GCC_WARN_UNUSED_VARIABLE = YES;
				IPHONEOS_DEPLOYMENT_TARGET = 17.4;
				LOCALIZATION_PREFERS_STRING_CATALOGS = YES;
				MTL_ENABLE_DEBUG_INFO = INCLUDE_SOURCE;
				MTL_FAST_MATH = YES;
				ONLY_ACTIVE_ARCH = YES;
				SDKROOT = iphoneos;
				SWIFT_ACTIVE_COMPILATION_CONDITIONS = "DEBUG $(inherited)";
				SWIFT_OPTIMIZATION_LEVEL = "-Onone";
			};
			name = Debug;
		};
		05AA3B8D2C3C96CE00262330 /* Release */ = {
			isa = XCBuildConfiguration;
			buildSettings = {
				ALWAYS_SEARCH_USER_PATHS = NO;
				ASSETCATALOG_COMPILER_GENERATE_SWIFT_ASSET_SYMBOL_EXTENSIONS = YES;
				CLANG_ANALYZER_NONNULL = YES;
				CLANG_ANALYZER_NUMBER_OBJECT_CONVERSION = YES_AGGRESSIVE;
				CLANG_CXX_LANGUAGE_STANDARD = "gnu++20";
				CLANG_ENABLE_MODULES = YES;
				CLANG_ENABLE_OBJC_ARC = YES;
				CLANG_ENABLE_OBJC_WEAK = YES;
				CLANG_WARN_BLOCK_CAPTURE_AUTORELEASING = YES;
				CLANG_WARN_BOOL_CONVERSION = YES;
				CLANG_WARN_COMMA = YES;
				CLANG_WARN_CONSTANT_CONVERSION = YES;
				CLANG_WARN_DEPRECATED_OBJC_IMPLEMENTATIONS = YES;
				CLANG_WARN_DIRECT_OBJC_ISA_USAGE = YES_ERROR;
				CLANG_WARN_DOCUMENTATION_COMMENTS = YES;
				CLANG_WARN_EMPTY_BODY = YES;
				CLANG_WARN_ENUM_CONVERSION = YES;
				CLANG_WARN_INFINITE_RECURSION = YES;
				CLANG_WARN_INT_CONVERSION = YES;
				CLANG_WARN_NON_LITERAL_NULL_CONVERSION = YES;
				CLANG_WARN_OBJC_IMPLICIT_RETAIN_SELF = YES;
				CLANG_WARN_OBJC_LITERAL_CONVERSION = YES;
				CLANG_WARN_OBJC_ROOT_CLASS = YES_ERROR;
				CLANG_WARN_QUOTED_INCLUDE_IN_FRAMEWORK_HEADER = YES;
				CLANG_WARN_RANGE_LOOP_ANALYSIS = YES;
				CLANG_WARN_STRICT_PROTOTYPES = YES;
				CLANG_WARN_SUSPICIOUS_MOVE = YES;
				CLANG_WARN_UNGUARDED_AVAILABILITY = YES_AGGRESSIVE;
				CLANG_WARN_UNREACHABLE_CODE = YES;
				CLANG_WARN__DUPLICATE_METHOD_MATCH = YES;
				COPY_PHASE_STRIP = NO;
				DEBUG_INFORMATION_FORMAT = "dwarf-with-dsym";
				ENABLE_NS_ASSERTIONS = NO;
				ENABLE_STRICT_OBJC_MSGSEND = YES;
				ENABLE_USER_SCRIPT_SANDBOXING = YES;
				GCC_C_LANGUAGE_STANDARD = gnu17;
				GCC_NO_COMMON_BLOCKS = YES;
				GCC_WARN_64_TO_32_BIT_CONVERSION = YES;
				GCC_WARN_ABOUT_RETURN_TYPE = YES_ERROR;
				GCC_WARN_UNDECLARED_SELECTOR = YES;
				GCC_WARN_UNINITIALIZED_AUTOS = YES_AGGRESSIVE;
				GCC_WARN_UNUSED_FUNCTION = YES;
				GCC_WARN_UNUSED_VARIABLE = YES;
				IPHONEOS_DEPLOYMENT_TARGET = 17.4;
				LOCALIZATION_PREFERS_STRING_CATALOGS = YES;
				MTL_ENABLE_DEBUG_INFO = NO;
				MTL_FAST_MATH = YES;
				SDKROOT = iphoneos;
				SWIFT_COMPILATION_MODE = wholemodule;
				VALIDATE_PRODUCT = YES;
			};
			name = Release;
		};
		05AA3B8F2C3C96CE00262330 /* Debug */ = {
			isa = XCBuildConfiguration;
			buildSettings = {
				ASSETCATALOG_COMPILER_APPICON_NAME = AppIcon;
				ASSETCATALOG_COMPILER_GLOBAL_ACCENT_COLOR_NAME = AccentColor;
				CODE_SIGN_STYLE = Automatic;
				CURRENT_PROJECT_VERSION = 1;
				GENERATE_INFOPLIST_FILE = YES;
				INFOPLIST_FILE = map/Info.plist;
				INFOPLIST_KEY_UIApplicationSupportsIndirectInputEvents = YES;
				INFOPLIST_KEY_UILaunchStoryboardName = LaunchScreen;
				INFOPLIST_KEY_UIMainStoryboardFile = Main;
				INFOPLIST_KEY_UISupportedInterfaceOrientations_iPad = "UIInterfaceOrientationPortrait UIInterfaceOrientationPortraitUpsideDown UIInterfaceOrientationLandscapeLeft UIInterfaceOrientationLandscapeRight";
				INFOPLIST_KEY_UISupportedInterfaceOrientations_iPhone = "UIInterfaceOrientationPortrait UIInterfaceOrientationLandscapeLeft UIInterfaceOrientationLandscapeRight";
				IPHONEOS_DEPLOYMENT_TARGET = 17.0;
				LD_RUNPATH_SEARCH_PATHS = (
					"$(inherited)",
					"@executable_path/Frameworks",
				);
				MARKETING_VERSION = 1.0;
				PRODUCT_BUNDLE_IDENTIFIER = "mayankmalviya2169-gmail.com.map";
				PRODUCT_NAME = "$(TARGET_NAME)";
				SWIFT_EMIT_LOC_STRINGS = YES;
				SWIFT_VERSION = 5.0;
				TARGETED_DEVICE_FAMILY = "1,2";
			};
			name = Debug;
		};
		05AA3B902C3C96CE00262330 /* Release */ = {
			isa = XCBuildConfiguration;
			buildSettings = {
				ASSETCATALOG_COMPILER_APPICON_NAME = AppIcon;
				ASSETCATALOG_COMPILER_GLOBAL_ACCENT_COLOR_NAME = AccentColor;
				CODE_SIGN_STYLE = Automatic;
				CURRENT_PROJECT_VERSION = 1;
				GENERATE_INFOPLIST_FILE = YES;
				INFOPLIST_FILE = map/Info.plist;
				INFOPLIST_KEY_UIApplicationSupportsIndirectInputEvents = YES;
				INFOPLIST_KEY_UILaunchStoryboardName = LaunchScreen;
				INFOPLIST_KEY_UIMainStoryboardFile = Main;
				INFOPLIST_KEY_UISupportedInterfaceOrientations_iPad = "UIInterfaceOrientationPortrait UIInterfaceOrientationPortraitUpsideDown UIInterfaceOrientationLandscapeLeft UIInterfaceOrientationLandscapeRight";
				INFOPLIST_KEY_UISupportedInterfaceOrientations_iPhone = "UIInterfaceOrientationPortrait UIInterfaceOrientationLandscapeLeft UIInterfaceOrientationLandscapeRight";
				IPHONEOS_DEPLOYMENT_TARGET = 17.0;
				LD_RUNPATH_SEARCH_PATHS = (
					"$(inherited)",
					"@executable_path/Frameworks",
				);
				MARKETING_VERSION = 1.0;
				PRODUCT_BUNDLE_IDENTIFIER = "mayankmalviya2169-gmail.com.map";
				PRODUCT_NAME = "$(TARGET_NAME)";
				SWIFT_EMIT_LOC_STRINGS = YES;
				SWIFT_VERSION = 5.0;
				TARGETED_DEVICE_FAMILY = "1,2";
			};
			name = Release;
		};
		05AA3B922C3C96CE00262330 /* Debug */ = {
			isa = XCBuildConfiguration;
			buildSettings = {
				ALWAYS_EMBED_SWIFT_STANDARD_LIBRARIES = YES;
				BUNDLE_LOADER = "$(TEST_HOST)";
				CODE_SIGN_STYLE = Automatic;
				CURRENT_PROJECT_VERSION = 1;
				GENERATE_INFOPLIST_FILE = YES;
				IPHONEOS_DEPLOYMENT_TARGET = 17.4;
				MARKETING_VERSION = 1.0;
				PRODUCT_BUNDLE_IDENTIFIER = "mayankmalviya2169-gmail.com.mapTests";
				PRODUCT_NAME = "$(TARGET_NAME)";
				SWIFT_EMIT_LOC_STRINGS = NO;
				SWIFT_VERSION = 5.0;
				TARGETED_DEVICE_FAMILY = "1,2";
				TEST_HOST = "$(BUILT_PRODUCTS_DIR)/map.app/$(BUNDLE_EXECUTABLE_FOLDER_PATH)/map";
			};
			name = Debug;
		};
		05AA3B932C3C96CE00262330 /* Release */ = {
			isa = XCBuildConfiguration;
			buildSettings = {
				ALWAYS_EMBED_SWIFT_STANDARD_LIBRARIES = YES;
				BUNDLE_LOADER = "$(TEST_HOST)";
				CODE_SIGN_STYLE = Automatic;
				CURRENT_PROJECT_VERSION = 1;
				GENERATE_INFOPLIST_FILE = YES;
				IPHONEOS_DEPLOYMENT_TARGET = 17.4;
				MARKETING_VERSION = 1.0;
				PRODUCT_BUNDLE_IDENTIFIER = "mayankmalviya2169-gmail.com.mapTests";
				PRODUCT_NAME = "$(TARGET_NAME)";
				SWIFT_EMIT_LOC_STRINGS = NO;
				SWIFT_VERSION = 5.0;
				TARGETED_DEVICE_FAMILY = "1,2";
				TEST_HOST = "$(BUILT_PRODUCTS_DIR)/map.app/$(BUNDLE_EXECUTABLE_FOLDER_PATH)/map";
			};
			name = Release;
		};
		05AA3B952C3C96CE00262330 /* Debug */ = {
			isa = XCBuildConfiguration;
			buildSettings = {
				ALWAYS_EMBED_SWIFT_STANDARD_LIBRARIES = YES;
				CODE_SIGN_STYLE = Automatic;
				CURRENT_PROJECT_VERSION = 1;
				GENERATE_INFOPLIST_FILE = YES;
				MARKETING_VERSION = 1.0;
				PRODUCT_BUNDLE_IDENTIFIER = "mayankmalviya2169-gmail.com.mapUITests";
				PRODUCT_NAME = "$(TARGET_NAME)";
				SWIFT_EMIT_LOC_STRINGS = NO;
				SWIFT_VERSION = 5.0;
				TARGETED_DEVICE_FAMILY = "1,2";
				TEST_TARGET_NAME = map;
			};
			name = Debug;
		};
		05AA3B962C3C96CE00262330 /* Release */ = {
			isa = XCBuildConfiguration;
			buildSettings = {
				ALWAYS_EMBED_SWIFT_STANDARD_LIBRARIES = YES;
				CODE_SIGN_STYLE = Automatic;
				CURRENT_PROJECT_VERSION = 1;
				GENERATE_INFOPLIST_FILE = YES;
				MARKETING_VERSION = 1.0;
				PRODUCT_BUNDLE_IDENTIFIER = "mayankmalviya2169-gmail.com.mapUITests";
				PRODUCT_NAME = "$(TARGET_NAME)";
				SWIFT_EMIT_LOC_STRINGS = NO;
				SWIFT_VERSION = 5.0;
				TARGETED_DEVICE_FAMILY = "1,2";
				TEST_TARGET_NAME = map;
			};
			name = Release;
		};
/* End XCBuildConfiguration section */

/* Begin XCConfigurationList section */
		05AA3B5F2C3C96CD00262330 /* Build configuration list for PBXProject "map" */ = {
			isa = XCConfigurationList;
			buildConfigurations = (
				05AA3B8C2C3C96CE00262330 /* Debug */,
				05AA3B8D2C3C96CE00262330 /* Release */,
			);
			defaultConfigurationIsVisible = 0;
			defaultConfigurationName = Release;
		};
		05AA3B8E2C3C96CE00262330 /* Build configuration list for PBXNativeTarget "map" */ = {
			isa = XCConfigurationList;
			buildConfigurations = (
				05AA3B8F2C3C96CE00262330 /* Debug */,
				05AA3B902C3C96CE00262330 /* Release */,
			);
			defaultConfigurationIsVisible = 0;
			defaultConfigurationName = Release;
		};
		05AA3B912C3C96CE00262330 /* Build configuration list for PBXNativeTarget "mapTests" */ = {
			isa = XCConfigurationList;
			buildConfigurations = (
				05AA3B922C3C96CE00262330 /* Debug */,
				05AA3B932C3C96CE00262330 /* Release */,
			);
			defaultConfigurationIsVisible = 0;
			defaultConfigurationName = Release;
		};
		05AA3B942C3C96CE00262330 /* Build configuration list for PBXNativeTarget "mapUITests" */ = {
			isa = XCConfigurationList;
			buildConfigurations = (
				05AA3B952C3C96CE00262330 /* Debug */,
				05AA3B962C3C96CE00262330 /* Release */,
			);
			defaultConfigurationIsVisible = 0;
			defaultConfigurationName = Release;
		};
/* End XCConfigurationList section */
	};
	rootObject = 05AA3B5C2C3C96CD00262330 /* Project object */;
}
